
Microsoft Visual Studio Solution File, Format Version 12.00
# Visual Studio Version 16
VisualStudioVersion = 16.0.31424.327
MinimumVisualStudioVersion = 10.0.40219.1
Project("{FAE04EC0-301F-11D3-BF4B-00C04F79EFBC}") = "SimpleMassageECard", "SimpleMassageECard.csproj", "{1BAF1D45-A33B-4343-80A8-0AE23491B90B}"
EndProject
Global
	GlobalSection(SolutionConfigurationPlatforms) = preSolution
		Debug|Any CPU = Debug|Any CPU
		Release|Any CPU = Release|Any CPU
	EndGlobalSection
	GlobalSection(ProjectConfigurationPlatforms) = postSolution
		{1BAF1D45-A33B-4343-80A8-0AE23491B90B}.Debug|Any CPU.ActiveCfg = Debug|Any CPU
		{1BAF1D45-A33B-4343-80A8-0AE23491B90B}.Debug|Any CPU.Build.0 = Debug|Any CPU
		{1BAF1D45-A33B-4343-80A8-0AE23491B90B}.Release|Any CPU.ActiveCfg = Release|Any CPU
		{1BAF1D45-A33B-4343-80A8-0AE23491B90B}.Release|Any CPU.Build.0 = Release|Any CPU
	EndGlobalSection
	GlobalSection(SolutionProperties) = preSolution
		HideSolutionNode = FALSE
	EndGlobalSection
	GlobalSection(ExtensibilityGlobals) = postSolution
		SolutionGuid = {4A36F8C2-7AA7-4CFF-A733-39F967A5FF2B}
	EndGlobalSection
EndGlobal
